# This file is autogenerated, do not edit; changes may be undone by the next 'dep ensure'.


[[projects]]
  digest = "1:334d12cdd83073460147525fc50c82d04459f4a000b9209bf7943ab5daef491c"
  name = "cloud.google.com/go"
  packages = [
    "compute/internal",
    "compute/metadata",
  ]
  pruneopts = "UT"
  revision = "b051b36a284fbee2d41186fffb51cd979df296b7"
  version = "v0.110.3"

[[projects]]
  branch = "master"
  digest = "1:b7cb6054d3dff43b38ad2e92492f220f57ae6087ee797dca298139776749ace8"
  name = "github.com/golang/groupcache"
  packages = ["lru"]
  pruneopts = "UT"
  revision = "41bb18bfe9da5321badc438f91158cd790a33aa3"

[[projects]]
  digest = "1:e3de2935a51625c7617934d18a70bcaa939a9370a4874b61c1fb4d5e06ecfb07"
  name = "github.com/golang/protobuf"
  packages = [
    "jsonpb",
    "proto",
    "ptypes",
    "ptypes/any",
    "ptypes/duration",
    "ptypes/timestamp",
  ]
  pruneopts = "UT"
  revision = "5d5e8c018a13017f9d5b8bf4fad64aaa42a87308"
  version = "v1.5.3"

[[projects]]
  digest = "1:467e3abb071cfa544565cbcd0fa12d075b78109cde529ee23320caa658e9123d"
  name = "github.com/google/s2a-go"
  packages = [
    ".",
    "fallback",
    "internal/authinfo",
    "internal/handshaker",
    "internal/handshaker/service",
    "internal/proto/common_go_proto",
    "internal/proto/s2a_context_go_proto",
    "internal/proto/s2a_go_proto",
    "internal/proto/v2/common_go_proto",
    "internal/proto/v2/s2a_context_go_proto",
    "internal/proto/v2/s2a_go_proto",
    "internal/record",
    "internal/record/internal/aeadcrypter",
    "internal/record/internal/halfconn",
    "internal/tokenmanager",
    "internal/v2",
    "internal/v2/certverifier",
    "internal/v2/remotesigner",
    "internal/v2/tlsconfigstore",
    "stream",
  ]
  pruneopts = "UT"
  revision = "bb60477ba7d14d1c916863c80ed8343447ec40c0"
  version = "v0.1.4"

[[projects]]
  digest = "1:bbba45b09b3b502dc39afb36c3e9f89b9c2832b1f6d673277c97eade8875e462"
  name = "github.com/google/uuid"
  packages = ["."]
  pruneopts = "UT"
  revision = "44b5fee7c49cf3bcdf723f106b36d56ef13ccc88"
  version = "v1.3.0"

[[projects]]
  digest = "1:7d167a7e4f4748379e0edf0149df6fa4f738a697ec48caa864033e310ccd69bd"
  name = "github.com/googleapis/enterprise-certificate-proxy"
  packages = [
    "client",
    "client/util",
  ]
  pruneopts = "UT"
  revision = "5b63ef50a6264a9749823f4e41da6d4e7836e419"
  version = "v0.2.5"

[[projects]]
  digest = "1:33d34cffdf57f08cc730af17c822cfef1aeec7478df10e5778b4817fd3807217"
  name = "github.com/googleapis/gax-go"
  packages = [
    "v2",
    "v2/apierror",
    "v2/apierror/internal/proto",
    "v2/internal",
  ]
  pruneopts = "UT"
  revision = "c594005ac26a7da661e756bc913b08b3b98f5639"
  version = "v2.11.0"

[[projects]]
  digest = "1:23933b9729aaf4c84479b3d9b5c789ff0989d4784058d3e4d70b4b947c4fad51"
  name = "go.opencensus.io"
  packages = [
    ".",
    "internal",
    "internal/tagencoding",
    "metric/metricdata",
    "metric/metricproducer",
    "plugin/ochttp",
    "plugin/ochttp/propagation/b3",
    "resource",
    "stats",
    "stats/internal",
    "stats/view",
    "tag",
    "trace",
    "trace/internal",
    "trace/propagation",
    "trace/tracestate",
  ]
  pruneopts = "UT"
  revision = "b1a01ee95db0e690d91d7193d037447816fae4c5"
  version = "v0.24.0"

[[projects]]
  digest = "1:a07f35507189ad18a38026a17f77b12592aa62203c6fac384ea9077070c0154d"
  name = "golang.org/x/crypto"
  packages = [
    "chacha20",
    "chacha20poly1305",
    "cryptobyte",
    "cryptobyte/asn1",
    "hkdf",
    "internal/alias",
    "internal/poly1305",
  ]
  pruneopts = "UT"
  revision = "8e447d8cc585b0089d1938b8747264783295e65f"
  version = "v0.10.0"

[[projects]]
  digest = "1:c29facda2043d5bd293eb69239f4016bb1a9f3026d73c42692ff8929ee6da399"
  name = "golang.org/x/net"
  packages = [
    "http/httpguts",
    "http2",
    "http2/hpack",
    "idna",
    "internal/timeseries",
    "trace",
  ]
  pruneopts = "UT"
  revision = "6c96ca5daff89298060438c3b5d24e1bd0900a52"
  version = "v0.11.0"

[[projects]]
  digest = "1:48a1e49350d50fc8cf9ca8e9fd6f783bbe4382f8cff1f1d12c7c783a7f845b68"
  name = "golang.org/x/oauth2"
  packages = [
    ".",
    "authhandler",
    "google",
    "google/internal/externalaccount",
    "internal",
    "jws",
    "jwt",
  ]
  pruneopts = "UT"
  revision = "2323c81c8dba82e8650ed3a24a1a5667e293af38"
  version = "v0.9.0"

[[projects]]
  digest = "1:12fcb35b4f20c281181d8dfe1742183bbced92bbef95661c1cffd97d6b11492b"
  name = "golang.org/x/sys"
  packages = [
    "cpu",
    "unix",
  ]
  pruneopts = "UT"
  revision = "a1a9c4b846b3a485ba94fede5b50579c7f432759"
  version = "v0.10.0"

[[projects]]
  digest = "1:8292b58e36014f5809391da524b6f54a929d75cfe0a9ebd88d810b04eb59076a"
  name = "golang.org/x/text"
  packages = [
    "collate",
    "collate/build",
    "internal/colltab",
    "internal/gen",
    "internal/language",
    "internal/language/compact",
    "internal/tag",
    "internal/triegen",
    "internal/ucd",
    "language",
    "secure/bidirule",
    "transform",
    "unicode/bidi",
    "unicode/cldr",
    "unicode/norm",
    "unicode/rangetable",
  ]
  pruneopts = "UT"
  revision = "e50348080f29449bcd6808c11400b3d45f08b09d"
  version = "v0.11.0"

[[projects]]
  digest = "1:5a968c0fd5fdf8600754d12f6991af6933b31debda4e131b4c0662d12cd91ab3"
  name = "google.golang.org/api"
  packages = [
    "analyticsdata/v1beta",
    "googleapi",
    "googleapi/transport",
    "internal",
    "internal/cert",
    "internal/gensupport",
    "internal/impersonate",
    "internal/third_party/uritemplates",
    "option",
    "option/internaloption",
    "transport/http",
    "transport/http/internal/propagation",
  ]
  pruneopts = "UT"
  revision = "78ebbdb0ea67c7936888eab6c93db50c734cfc93"
  version = "v0.129.0"

[[projects]]
  digest = "1:64fd170ce33e3f79d2c0e12d7b81b3f1ff302f5ce138675f18f4e7b5e41451aa"
  name = "google.golang.org/appengine"
  packages = [
    ".",
    "internal",
    "internal/app_identity",
    "internal/base",
    "internal/datastore",
    "internal/log",
    "internal/modules",
    "internal/remote_api",
    "internal/socket",
    "internal/urlfetch",
    "socket",
    "urlfetch",
  ]
  pruneopts = "UT"
  revision = "f9c3e90be8b414958cf81ca4524af726919267f7"
  version = "v2.0.3"

[[projects]]
  branch = "main"
  digest = "1:ef2793b3b199ae3475cbb4a2d793063f30f6c9306a92a264fa3abc3bf6dbbcf9"
  name = "google.golang.org/genproto"
  packages = [
    "googleapis/rpc/code",
    "googleapis/rpc/errdetails",
    "googleapis/rpc/status",
  ]
  pruneopts = "UT"
  revision = "9506855d45295b97f487a9f9d6de069fcb6e7f84"

[[projects]]
  digest = "1:5c24b7c455f4678208230013e6c051a4a293fea95bd9e3c8188499620b1223f2"
  name = "google.golang.org/grpc"
  packages = [
    ".",
    "attributes",
    "backoff",
    "balancer",
    "balancer/base",
    "balancer/grpclb/state",
    "balancer/roundrobin",
    "binarylog/grpc_binarylog_v1",
    "channelz",
    "codes",
    "connectivity",
    "credentials",
    "credentials/insecure",
    "encoding",
    "encoding/proto",
    "grpclog",
    "internal",
    "internal/backoff",
    "internal/balancer/gracefulswitch",
    "internal/balancerload",
    "internal/binarylog",
    "internal/buffer",
    "internal/channelz",
    "internal/credentials",
    "internal/envconfig",
    "internal/grpclog",
    "internal/grpcrand",
    "internal/grpcsync",
    "internal/grpcutil",
    "internal/metadata",
    "internal/pretty",
    "internal/resolver",
    "internal/resolver/dns",
    "internal/resolver/passthrough",
    "internal/resolver/unix",
    "internal/serviceconfig",
    "internal/status",
    "internal/syscall",
    "internal/transport",
    "internal/transport/networktype",
    "keepalive",
    "metadata",
    "peer",
    "resolver",
    "serviceconfig",
    "stats",
    "status",
    "tap",
  ]
  pruneopts = "UT"
  revision = "5b67e5ea449ef0686a0c0b6de48cd4cb63e3db2a"
  version = "v1.56.1"

[[projects]]
  digest = "1:a778e0827f3f2d72a617fd1c29a3cf962055339039cf31639e9a100b17f0b2b0"
  name = "google.golang.org/protobuf"
  packages = [
    "encoding/protojson",
    "encoding/prototext",
    "encoding/protowire",
    "internal/descfmt",
    "internal/descopts",
    "internal/detrand",
    "internal/encoding/defval",
    "internal/encoding/json",
    "internal/encoding/messageset",
    "internal/encoding/tag",
    "internal/encoding/text",
    "internal/errors",
    "internal/filedesc",
    "internal/filetype",
    "internal/flags",
    "internal/genid",
    "internal/impl",
    "internal/order",
    "internal/pragma",
    "internal/set",
    "internal/strs",
    "internal/version",
    "proto",
    "reflect/protodesc",
    "reflect/protoreflect",
    "reflect/protoregistry",
    "runtime/protoiface",
    "runtime/protoimpl",
    "types/descriptorpb",
    "types/known/anypb",
    "types/known/durationpb",
    "types/known/timestamppb",
  ]
  pruneopts = "UT"
  revision = "68463f0e96c93bc19ef36ccd3adfe690bfdb568c"
  version = "v1.31.0"

[solve-meta]
  analyzer-name = "dep"
  analyzer-version = 1
  input-imports = ["google.golang.org/api/analyticsdata/v1beta"]
  solver-name = "gps-cdcl"
  solver-version = 1
